
Microsoft Visual Studio Solution File, Format Version 12.00
# Visual Studio Version 17
VisualStudioVersion = 17.11.35208.52
MinimumVisualStudioVersion = 10.0.40219.1
Project("{2150E333-8FDC-42A3-9474-1A3956D46DE8}") = "Application", "Application", "{61BF6ABC-F40C-44FA-9615-F640E1724701}"
EndProject
Project("{2150E333-8FDC-42A3-9474-1A3956D46DE8}") = "Domain", "Domain", "{35397B68-AD0C-4E15-BC24-AB5D8250AE85}"
EndProject
Project("{2150E333-8FDC-42A3-9474-1A3956D46DE8}") = "Infra.IoC", "Infra.IoC", "{5F9F49D3-3ECA-487C-A4C9-8FF072FCE2C0}"
EndProject
Project("{2150E333-8FDC-42A3-9474-1A3956D46DE8}") = "Infra.Data", "Infra.Data", "{ED3AE2EA-D923-46E3-814A-36BC06F2970A}"
EndProject
Project("{2150E333-8FDC-42A3-9474-1A3956D46DE8}") = "Presentation", "Presentation", "{65CBAF90-FFD9-44D4-89E8-8934C66933BE}"
EndProject
Project("{FAE04EC0-301F-11D3-BF4B-00C04F79EFBC}") = "CleanArch.Mvc", "CleanArch.Mvc\CleanArch.Mvc.csproj", "{492FC821-FA50-46E7-8180-A333A6C0C9A1}"
EndProject
Project("{FAE04EC0-301F-11D3-BF4B-00C04F79EFBC}") = "CleanArch.Domain", "CleanArch.Domain\CleanArch.Domain.csproj", "{441C752D-08AF-40DD-847E-93EAB13D636E}"
EndProject
Global
	GlobalSection(SolutionConfigurationPlatforms) = preSolution
		Debug|Any CPU = Debug|Any CPU
		Release|Any CPU = Release|Any CPU
	EndGlobalSection
	GlobalSection(ProjectConfigurationPlatforms) = postSolution
		{492FC821-FA50-46E7-8180-A333A6C0C9A1}.Debug|Any CPU.ActiveCfg = Debug|Any CPU
		{492FC821-FA50-46E7-8180-A333A6C0C9A1}.Debug|Any CPU.Build.0 = Debug|Any CPU
		{492FC821-FA50-46E7-8180-A333A6C0C9A1}.Release|Any CPU.ActiveCfg = Release|Any CPU
		{492FC821-FA50-46E7-8180-A333A6C0C9A1}.Release|Any CPU.Build.0 = Release|Any CPU
		{441C752D-08AF-40DD-847E-93EAB13D636E}.Debug|Any CPU.ActiveCfg = Debug|Any CPU
		{441C752D-08AF-40DD-847E-93EAB13D636E}.Debug|Any CPU.Build.0 = Debug|Any CPU
		{441C752D-08AF-40DD-847E-93EAB13D636E}.Release|Any CPU.ActiveCfg = Release|Any CPU
		{441C752D-08AF-40DD-847E-93EAB13D636E}.Release|Any CPU.Build.0 = Release|Any CPU
	EndGlobalSection
	GlobalSection(SolutionProperties) = preSolution
		HideSolutionNode = FALSE
	EndGlobalSection
	GlobalSection(NestedProjects) = preSolution
		{492FC821-FA50-46E7-8180-A333A6C0C9A1} = {65CBAF90-FFD9-44D4-89E8-8934C66933BE}
		{441C752D-08AF-40DD-847E-93EAB13D636E} = {35397B68-AD0C-4E15-BC24-AB5D8250AE85}
	EndGlobalSection
	GlobalSection(ExtensibilityGlobals) = postSolution
		SolutionGuid = {F9A6B7D4-1D28-44E6-9F54-4EE092EC47BC}
	EndGlobalSection
EndGlobal
